
Microsoft Visual Studio Solution File, Format Version 12.00
# Visual Studio 2017
Project("{FAE04EC0-301F-11D3-BF4B-00C04F79EFBC}") = "ShaderStudy", "ShaderStudy.csproj", "{63FB89B3-86E6-01CD-6AFB-B58C9355FB78}"
EndProject
Project("{FAE04EC0-301F-11D3-BF4B-00C04F79EFBC}") = "ShaderStudy.Editor", "ShaderStudy.Editor.csproj", "{0B1905DE-E0D9-11D3-A486-5566497BE565}"
EndProject
Global
	GlobalSection(SolutionConfigurationPlatforms) = preSolution
		Debug|Any CPU = Debug|Any CPU
		Release|Any CPU = Release|Any CPU
	EndGlobalSection
	GlobalSection(ProjectConfigurationPlatforms) = postSolution
		{63FB89B3-86E6-01CD-6AFB-B58C9355FB78}.Debug|Any CPU.ActiveCfg = Debug|Any CPU
		{63FB89B3-86E6-01CD-6AFB-B58C9355FB78}.Debug|Any CPU.Build.0 = Debug|Any CPU
		{63FB89B3-86E6-01CD-6AFB-B58C9355FB78}.Release|Any CPU.ActiveCfg = Release|Any CPU
		{63FB89B3-86E6-01CD-6AFB-B58C9355FB78}.Release|Any CPU.Build.0 = Release|Any CPU
		{0B1905DE-E0D9-11D3-A486-5566497BE565}.Debug|Any CPU.ActiveCfg = Debug|Any CPU
		{0B1905DE-E0D9-11D3-A486-5566497BE565}.Debug|Any CPU.Build.0 = Debug|Any CPU
		{0B1905DE-E0D9-11D3-A486-5566497BE565}.Release|Any CPU.ActiveCfg = Release|Any CPU
		{0B1905DE-E0D9-11D3-A486-5566497BE565}.Release|Any CPU.Build.0 = Release|Any CPU
	EndGlobalSection
	GlobalSection(SolutionProperties) = preSolution
		HideSolutionNode = FALSE
	EndGlobalSection
EndGlobal
