
Microsoft Visual Studio Solution File, Format Version 11.00
# Visual Studio 2010
Project("{FAE04EC0-301F-11D3-BF4B-00C04F79EFBC}") = "Assembly-CSharp", "Assembly-CSharp.csproj", "{c24df1a2-060a-04b6-3fa7-590b81c9721b}"
EndProject
Project("{FAE04EC0-301F-11D3-BF4B-00C04F79EFBC}") = "Assembly-CSharp-Editor", "Assembly-CSharp-Editor.csproj", "{3820917e-3780-8324-4819-1db61e4cf39e}"
EndProject
Global
	GlobalSection(SolutionConfigurationPlatforms) = preSolution
		Debug|Any CPU = Debug|Any CPU
	EndGlobalSection
	GlobalSection(ProjectConfigurationPlatforms) = postSolution
		{c24df1a2-060a-04b6-3fa7-590b81c9721b}.Debug|Any CPU.ActiveCfg = Debug|Any CPU
		{c24df1a2-060a-04b6-3fa7-590b81c9721b}.Debug|Any CPU.Build.0 = Debug|Any CPU
		{3820917e-3780-8324-4819-1db61e4cf39e}.Debug|Any CPU.ActiveCfg = Debug|Any CPU
		{3820917e-3780-8324-4819-1db61e4cf39e}.Debug|Any CPU.Build.0 = Debug|Any CPU
	EndGlobalSection
	GlobalSection(SolutionProperties) = preSolution
		HideSolutionNode = FALSE
	EndGlobalSection
EndGlobal
